
Microsoft Visual Studio Solution File, Format Version 12.00
# Visual Studio Version 17
VisualStudioVersion = 17.13.35931.197 d17.13
MinimumVisualStudioVersion = 10.0.40219.1
Project("{FAE04EC0-301F-11D3-BF4B-00C04F79EFBC}") = "BuscaLivro", "BuscaLivro\BuscaLivro.csproj", "{098B18C2-BC42-4AF3-AD40-69582CD41D77}"
EndProject
Global
	GlobalSection(SolutionConfigurationPlatforms) = preSolution
		Debug|Any CPU = Debug|Any CPU
		Release|Any CPU = Release|Any CPU
	EndGlobalSection
	GlobalSection(ProjectConfigurationPlatforms) = postSolution
		{098B18C2-BC42-4AF3-AD40-69582CD41D77}.Debug|Any CPU.ActiveCfg = Debug|Any CPU
		{098B18C2-BC42-4AF3-AD40-69582CD41D77}.Debug|Any CPU.Build.0 = Debug|Any CPU
		{098B18C2-BC42-4AF3-AD40-69582CD41D77}.Release|Any CPU.ActiveCfg = Release|Any CPU
		{098B18C2-BC42-4AF3-AD40-69582CD41D77}.Release|Any CPU.Build.0 = Release|Any CPU
	EndGlobalSection
	GlobalSection(SolutionProperties) = preSolution
		HideSolutionNode = FALSE
	EndGlobalSection
	GlobalSection(ExtensibilityGlobals) = postSolution
		SolutionGuid = {77CF6E18-3B69-4063-B057-D77B769C9B15}
	EndGlobalSection
EndGlobal
